
Microsoft Visual Studio Solution File, Format Version 12.00
# Visual Studio Version 16
VisualStudioVersion = 16.0.30114.105
MinimumVisualStudioVersion = 10.0.40219.1
Project("{FAE04EC0-301F-11D3-BF4B-00C04F79EFBC}") = "WebAPI", "WebAPI\WebAPI.csproj", "{13B98540-DC84-4C85-B1CA-1841D161D54B}"
EndProject
Project("{FAE04EC0-301F-11D3-BF4B-00C04F79EFBC}") = "StoreManagement.BL", "StoreManagement.BL\StoreManagement.BL.csproj", "{C4618BE0-87D3-4DC7-8138-6B30778EDEF4}"
EndProject
Project("{FAE04EC0-301F-11D3-BF4B-00C04F79EFBC}") = "StoreManagement.DB", "StoreManagement.DB\StoreManagement.DB.csproj", "{6C5BFF4C-7688-41E5-85BF-59CEA79995B1}"
EndProject
Project("{FAE04EC0-301F-11D3-BF4B-00C04F79EFBC}") = "StoreManagement.Models", "StoreManagement.Models\StoreManagement.Models.csproj", "{2D820643-0898-4E1A-8347-269BBA59032A}"
EndProject
Global
	GlobalSection(SolutionConfigurationPlatforms) = preSolution
		Debug|Any CPU = Debug|Any CPU
		Debug|x64 = Debug|x64
		Debug|x86 = Debug|x86
		Release|Any CPU = Release|Any CPU
		Release|x64 = Release|x64
		Release|x86 = Release|x86
	EndGlobalSection
	GlobalSection(SolutionProperties) = preSolution
		HideSolutionNode = FALSE
	EndGlobalSection
	GlobalSection(ProjectConfigurationPlatforms) = postSolution
		{13B98540-DC84-4C85-B1CA-1841D161D54B}.Debug|Any CPU.ActiveCfg = Debug|Any CPU
		{13B98540-DC84-4C85-B1CA-1841D161D54B}.Debug|Any CPU.Build.0 = Debug|Any CPU
		{13B98540-DC84-4C85-B1CA-1841D161D54B}.Debug|x64.ActiveCfg = Debug|Any CPU
		{13B98540-DC84-4C85-B1CA-1841D161D54B}.Debug|x64.Build.0 = Debug|Any CPU
		{13B98540-DC84-4C85-B1CA-1841D161D54B}.Debug|x86.ActiveCfg = Debug|Any CPU
		{13B98540-DC84-4C85-B1CA-1841D161D54B}.Debug|x86.Build.0 = Debug|Any CPU
		{13B98540-DC84-4C85-B1CA-1841D161D54B}.Release|Any CPU.ActiveCfg = Release|Any CPU
		{13B98540-DC84-4C85-B1CA-1841D161D54B}.Release|Any CPU.Build.0 = Release|Any CPU
		{13B98540-DC84-4C85-B1CA-1841D161D54B}.Release|x64.ActiveCfg = Release|Any CPU
		{13B98540-DC84-4C85-B1CA-1841D161D54B}.Release|x64.Build.0 = Release|Any CPU
		{13B98540-DC84-4C85-B1CA-1841D161D54B}.Release|x86.ActiveCfg = Release|Any CPU
		{13B98540-DC84-4C85-B1CA-1841D161D54B}.Release|x86.Build.0 = Release|Any CPU
		{C4618BE0-87D3-4DC7-8138-6B30778EDEF4}.Debug|Any CPU.ActiveCfg = Debug|Any CPU
		{C4618BE0-87D3-4DC7-8138-6B30778EDEF4}.Debug|Any CPU.Build.0 = Debug|Any CPU
		{C4618BE0-87D3-4DC7-8138-6B30778EDEF4}.Debug|x64.ActiveCfg = Debug|Any CPU
		{C4618BE0-87D3-4DC7-8138-6B30778EDEF4}.Debug|x64.Build.0 = Debug|Any CPU
		{C4618BE0-87D3-4DC7-8138-6B30778EDEF4}.Debug|x86.ActiveCfg = Debug|Any CPU
		{C4618BE0-87D3-4DC7-8138-6B30778EDEF4}.Debug|x86.Build.0 = Debug|Any CPU
		{C4618BE0-87D3-4DC7-8138-6B30778EDEF4}.Release|Any CPU.ActiveCfg = Release|Any CPU
		{C4618BE0-87D3-4DC7-8138-6B30778EDEF4}.Release|Any CPU.Build.0 = Release|Any CPU
		{C4618BE0-87D3-4DC7-8138-6B30778EDEF4}.Release|x64.ActiveCfg = Release|Any CPU
		{C4618BE0-87D3-4DC7-8138-6B30778EDEF4}.Release|x64.Build.0 = Release|Any CPU
		{C4618BE0-87D3-4DC7-8138-6B30778EDEF4}.Release|x86.ActiveCfg = Release|Any CPU
		{C4618BE0-87D3-4DC7-8138-6B30778EDEF4}.Release|x86.Build.0 = Release|Any CPU
		{6C5BFF4C-7688-41E5-85BF-59CEA79995B1}.Debug|Any CPU.ActiveCfg = Debug|Any CPU
		{6C5BFF4C-7688-41E5-85BF-59CEA79995B1}.Debug|Any CPU.Build.0 = Debug|Any CPU
		{6C5BFF4C-7688-41E5-85BF-59CEA79995B1}.Debug|x64.ActiveCfg = Debug|Any CPU
		{6C5BFF4C-7688-41E5-85BF-59CEA79995B1}.Debug|x64.Build.0 = Debug|Any CPU
		{6C5BFF4C-7688-41E5-85BF-59CEA79995B1}.Debug|x86.ActiveCfg = Debug|Any CPU
		{6C5BFF4C-7688-41E5-85BF-59CEA79995B1}.Debug|x86.Build.0 = Debug|Any CPU
		{6C5BFF4C-7688-41E5-85BF-59CEA79995B1}.Release|Any CPU.ActiveCfg = Release|Any CPU
		{6C5BFF4C-7688-41E5-85BF-59CEA79995B1}.Release|Any CPU.Build.0 = Release|Any CPU
		{6C5BFF4C-7688-41E5-85BF-59CEA79995B1}.Release|x64.ActiveCfg = Release|Any CPU
		{6C5BFF4C-7688-41E5-85BF-59CEA79995B1}.Release|x64.Build.0 = Release|Any CPU
		{6C5BFF4C-7688-41E5-85BF-59CEA79995B1}.Release|x86.ActiveCfg = Release|Any CPU
		{6C5BFF4C-7688-41E5-85BF-59CEA79995B1}.Release|x86.Build.0 = Release|Any CPU
		{2D820643-0898-4E1A-8347-269BBA59032A}.Debug|Any CPU.ActiveCfg = Debug|Any CPU
		{2D820643-0898-4E1A-8347-269BBA59032A}.Debug|Any CPU.Build.0 = Debug|Any CPU
		{2D820643-0898-4E1A-8347-269BBA59032A}.Debug|x64.ActiveCfg = Debug|Any CPU
		{2D820643-0898-4E1A-8347-269BBA59032A}.Debug|x64.Build.0 = Debug|Any CPU
		{2D820643-0898-4E1A-8347-269BBA59032A}.Debug|x86.ActiveCfg = Debug|Any CPU
		{2D820643-0898-4E1A-8347-269BBA59032A}.Debug|x86.Build.0 = Debug|Any CPU
		{2D820643-0898-4E1A-8347-269BBA59032A}.Release|Any CPU.ActiveCfg = Release|Any CPU
		{2D820643-0898-4E1A-8347-269BBA59032A}.Release|Any CPU.Build.0 = Release|Any CPU
		{2D820643-0898-4E1A-8347-269BBA59032A}.Release|x64.ActiveCfg = Release|Any CPU
		{2D820643-0898-4E1A-8347-269BBA59032A}.Release|x64.Build.0 = Release|Any CPU
		{2D820643-0898-4E1A-8347-269BBA59032A}.Release|x86.ActiveCfg = Release|Any CPU
		{2D820643-0898-4E1A-8347-269BBA59032A}.Release|x86.Build.0 = Release|Any CPU
	EndGlobalSection
EndGlobal
